// !$*UTF8*$!
{
	archiveVersion = 1;
	classes = {
	};
	objectVersion = 50;
	objects = {

/* Begin PBXBuildFile section */
		D6DFB82C28357C0D00889E6B /* Assets.xcassets in Resources */ = {isa = PBXBuildFile; fileRef = D6DFB82B28357C0D00889E6B /* Assets.xcassets */; };
		D6DFB82F28357C0D00889E6B /* LaunchScreen.storyboard in Resources */ = {isa = PBXBuildFile; fileRef = D6DFB82D28357C0D00889E6B /* LaunchScreen.storyboard */; };
		D6DFB83728357C5B00889E6B /* AppDelegate.swift in Sources */ = {isa = PBXBuildFile; fileRef = D6DFB83628357C5B00889E6B /* AppDelegate.swift */; };
		D6DFB83928357C6100889E6B /* Lauout.swift in Sources */ = {isa = PBXBuildFile; fileRef = D6DFB83828357C6100889E6B /* Lauout.swift */; };
		D6DFB83B28357C6800889E6B /* LayoutForList.swift in Sources */ = {isa = PBXBuildFile; fileRef = D6DFB83A28357C6700889E6B /* LayoutForList.swift */; };
		D6DFB83D28357C6D00889E6B /* ListViewController.swift in Sources */ = {isa = PBXBuildFile; fileRef = D6DFB83C28357C6D00889E6B /* ListViewController.swift */; };
		D6DFB83F28357C7300889E6B /* Model.swift in Sources */ = {isa = PBXBuildFile; fileRef = D6DFB83E28357C7200889E6B /* Model.swift */; };
		D6DFB84128357C7800889E6B /* NoteViewController.swift in Sources */ = {isa = PBXBuildFile; fileRef = D6DFB84028357C7800889E6B /* NoteViewController.swift */; };
		D6DFB84328357C7F00889E6B /* SceneDelegate.swift in Sources */ = {isa = PBXBuildFile; fileRef = D6DFB84228357C7F00889E6B /* SceneDelegate.swift */; };
/* End PBXBuildFile section */

/* Begin PBXFileReference section */
		D6DFB81F28357C0A00889E6B /* Lesson3NewVersion.app */ = {isa = PBXFileReference; explicitFileType = wrapper.application; includeInIndex = 0; path = Lesson3NewVersion.app; sourceTree = BUILT_PRODUCTS_DIR; };
		D6DFB82B28357C0D00889E6B /* Assets.xcassets */ = {isa = PBXFileReference; lastKnownFileType = folder.assetcatalog; path = Assets.xcassets; sourceTree = "<group>"; };
		D6DFB82E28357C0D00889E6B /* Base */ = {isa = PBXFileReference; lastKnownFileType = file.storyboard; name = Base; path = Base.lproj/LaunchScreen.storyboard; sourceTree = "<group>"; };
		D6DFB83028357C0D00889E6B /* Info.plist */ = {isa = PBXFileReference; lastKnownFileType = text.plist.xml; path = Info.plist; sourceTree = "<group>"; };
		D6DFB83628357C5B00889E6B /* AppDelegate.swift */ = {isa = PBXFileReference; fileEncoding = 4; lastKnownFileType = sourcecode.swift; path = AppDelegate.swift; sourceTree = "<group>"; };
		D6DFB83828357C6100889E6B /* Lauout.swift */ = {isa = PBXFileReference; fileEncoding = 4; lastKnownFileType = sourcecode.swift; path = Lauout.swift; sourceTree = "<group>"; };
		D6DFB83A28357C6700889E6B /* LayoutForList.swift */ = {isa = PBXFileReference; fileEncoding = 4; lastKnownFileType = sourcecode.swift; path = LayoutForList.swift; sourceTree = "<group>"; };
		D6DFB83C28357C6D00889E6B /* ListViewController.swift */ = {isa = PBXFileReference; fileEncoding = 4; lastKnownFileType = sourcecode.swift; path = ListViewController.swift; sourceTree = "<group>"; };
		D6DFB83E28357C7200889E6B /* Model.swift */ = {isa = PBXFileReference; fileEncoding = 4; lastKnownFileType = sourcecode.swift; path = Model.swift; sourceTree = "<group>"; };
		D6DFB84028357C7800889E6B /* NoteViewController.swift */ = {isa = PBXFileReference; fileEncoding = 4; lastKnownFileType = sourcecode.swift; path = NoteViewController.swift; sourceTree = "<group>"; };
		D6DFB84228357C7F00889E6B /* SceneDelegate.swift */ = {isa = PBXFileReference; fileEncoding = 4; lastKnownFileType = sourcecode.swift; path = SceneDelegate.swift; sourceTree = "<group>"; };
/* End PBXFileReference section */

/* Begin PBXFrameworksBuildPhase section */
		D6DFB81C28357C0A00889E6B /* Frameworks */ = {
			isa = PBXFrameworksBuildPhase;
			buildActionMask = 2147483647;
			files = (
			);
			runOnlyForDeploymentPostprocessing = 0;
		};
/* End PBXFrameworksBuildPhase section */

/* Begin PBXGroup section */
		D6DFB81628357C0A00889E6B = {
			isa = PBXGroup;
			children = (
				D6DFB82128357C0A00889E6B /* Lesson3NewVersion */,
				D6DFB82028357C0A00889E6B /* Products */,
			);
			sourceTree = "<group>";
		};
		D6DFB82028357C0A00889E6B /* Products */ = {
			isa = PBXGroup;
			children = (
				D6DFB81F28357C0A00889E6B /* Lesson3NewVersion.app */,
			);
			name = Products;
			sourceTree = "<group>";
		};
		D6DFB82128357C0A00889E6B /* Lesson3NewVersion */ = {
			isa = PBXGroup;
			children = (
				D6DFB83628357C5B00889E6B /* AppDelegate.swift */,
				D6DFB82B28357C0D00889E6B /* Assets.xcassets */,
				D6DFB83828357C6100889E6B /* Lauout.swift */,
				D6DFB82D28357C0D00889E6B /* LaunchScreen.storyboard */,
				D6DFB83E28357C7200889E6B /* Model.swift */,
				D6DFB83C28357C6D00889E6B /* ListViewController.swift */,
				D6DFB84028357C7800889E6B /* NoteViewController.swift */,
				D6DFB83A28357C6700889E6B /* LayoutForList.swift */,
				D6DFB84228357C7F00889E6B /* SceneDelegate.swift */,
				D6DFB83028357C0D00889E6B /* Info.plist */,
			);
			path = Lesson3NewVersion;
			sourceTree = "<group>";
		};
/* End PBXGroup section */

/* Begin PBXNativeTarget section */
		D6DFB81E28357C0A00889E6B /* Lesson3NewVersion */ = {
			isa = PBXNativeTarget;
			buildConfigurationList = D6DFB83328357C0D00889E6B /* Build configuration list for PBXNativeTarget "Lesson3NewVersion" */;
			buildPhases = (
				D6DFB81B28357C0A00889E6B /* Sources */,
				D6DFB81C28357C0A00889E6B /* Frameworks */,
				D6DFB81D28357C0A00889E6B /* Resources */,
			);
			buildRules = (
			);
			dependencies = (
			);
			name = Lesson3NewVersion;
			productName = Lesson3NewVersion;
			productReference = D6DFB81F28357C0A00889E6B /* Lesson3NewVersion.app */;
			productType = "com.apple.product-type.application";
		};
/* End PBXNativeTarget section */

/* Begin PBXProject section */
		D6DFB81728357C0A00889E6B /* Project object */ = {
			isa = PBXProject;
			attributes = {
				LastSwiftUpdateCheck = 1100;
				LastUpgradeCheck = 1100;
				ORGANIZATIONNAME = Jorel;
				TargetAttributes = {
					D6DFB81E28357C0A00889E6B = {
						CreatedOnToolsVersion = 11.0;
						LastSwiftMigration = 1100;
					};
				};
			};
			buildConfigurationList = D6DFB81A28357C0A00889E6B /* Build configuration list for PBXProject "Lesson3NewVersion" */;
			compatibilityVersion = "Xcode 9.3";
			developmentRegion = en;
			hasScannedForEncodings = 0;
			knownRegions = (
				en,
				Base,
			);
			mainGroup = D6DFB81628357C0A00889E6B;
			productRefGroup = D6DFB82028357C0A00889E6B /* Products */;
			projectDirPath = "";
			projectRoot = "";
			targets = (
				D6DFB81E28357C0A00889E6B /* Lesson3NewVersion */,
			);
		};
/* End PBXProject section */

/* Begin PBXResourcesBuildPhase section */
		D6DFB81D28357C0A00889E6B /* Resources */ = {
			isa = PBXResourcesBuildPhase;
			buildActionMask = 2147483647;
			files = (
				D6DFB82F28357C0D00889E6B /* LaunchScreen.storyboard in Resources */,
				D6DFB82C28357C0D00889E6B /* Assets.xcassets in Resources */,
			);
			runOnlyForDeploymentPostprocessing = 0;
		};
/* End PBXResourcesBuildPhase section */

/* Begin PBXSourcesBuildPhase section */
		D6DFB81B28357C0A00889E6B /* Sources */ = {
			isa = PBXSourcesBuildPhase;
			buildActionMask = 2147483647;
			files = (
				D6DFB83F28357C7300889E6B /* Model.swift in Sources */,
				D6DFB84328357C7F00889E6B /* SceneDelegate.swift in Sources */,
				D6DFB83728357C5B00889E6B /* AppDelegate.swift in Sources */,
				D6DFB83B28357C6800889E6B /* LayoutForList.swift in Sources */,
				D6DFB83D28357C6D00889E6B /* ListViewController.swift in Sources */,
				D6DFB84128357C7800889E6B /* NoteViewController.swift in Sources */,
				D6DFB83928357C6100889E6B /* Lauout.swift in Sources */,
			);
			runOnlyForDeploymentPostprocessing = 0;
		};
/* End PBXSourcesBuildPhase section */

/* Begin PBXVariantGroup section */
		D6DFB82D28357C0D00889E6B /* LaunchScreen.storyboard */ = {
			isa = PBXVariantGroup;
			children = (
				D6DFB82E28357C0D00889E6B /* Base */,
			);
			name = LaunchScreen.storyboard;
			sourceTree = "<group>";
		};
/* End PBXVariantGroup section */

/* Begin XCBuildConfiguration section */
		D6DFB83128357C0D00889E6B /* Debug */ = {
			isa = XCBuildConfiguration;
			buildSettings = {
				ALWAYS_SEARCH_USER_PATHS = NO;
				CLANG_ANALYZER_NONNULL = YES;
				CLANG_ANALYZER_NUMBER_OBJECT_CONVERSION = YES_AGGRESSIVE;
				CLANG_CXX_LANGUAGE_STANDARD = "gnu++14";
				CLANG_CXX_LIBRARY = "libc++";
				CLANG_ENABLE_MODULES = YES;
				CLANG_ENABLE_OBJC_ARC = YES;
				CLANG_ENABLE_OBJC_WEAK = YES;
				CLANG_WARN_BLOCK_CAPTURE_AUTORELEASING = YES;
				CLANG_WARN_BOOL_CONVERSION = YES;
				CLANG_WARN_COMMA = YES;
				CLANG_WARN_CONSTANT_CONVERSION = YES;
				CLANG_WARN_DEPRECATED_OBJC_IMPLEMENTATIONS = YES;
				CLANG_WARN_DIRECT_OBJC_ISA_USAGE = YES_ERROR;
				CLANG_WARN_DOCUMENTATION_COMMENTS = YES;
				CLANG_WARN_EMPTY_BODY = YES;
				CLANG_WARN_ENUM_CONVERSION = YES;
				CLANG_WARN_INFINITE_RECURSION = YES;
				CLANG_WARN_INT_CONVERSION = YES;
				CLANG_WARN_NON_LITERAL_NULL_CONVERSION = YES;
				CLANG_WARN_OBJC_IMPLICIT_RETAIN_SELF = YES;
				CLANG_WARN_OBJC_LITERAL_CONVERSION = YES;
				CLANG_WARN_OBJC_ROOT_CLASS = YES_ERROR;
				CLANG_WARN_RANGE_LOOP_ANALYSIS = YES;
				CLANG_WARN_STRICT_PROTOTYPES = YES;
				CLANG_WARN_SUSPICIOUS_MOVE = YES;
				CLANG_WARN_UNGUARDED_AVAILABILITY = YES_AGGRESSIVE;
				CLANG_WARN_UNREACHABLE_CODE = YES;
				CLANG_WARN__DUPLICATE_METHOD_MATCH = YES;
				COPY_PHASE_STRIP = NO;
				DEBUG_INFORMATION_FORMAT = dwarf;
				ENABLE_STRICT_OBJC_MSGSEND = YES;
				ENABLE_TESTABILITY = YES;
				GCC_C_LANGUAGE_STANDARD = gnu11;
				GCC_DYNAMIC_NO_PIC = NO;
				GCC_NO_COMMON_BLOCKS = YES;
				GCC_OPTIMIZATION_LEVEL = 0;
				GCC_PREPROCESSOR_DEFINITIONS = (
					"DEBUG=1",
					"$(inherited)",
				);
				GCC_WARN_64_TO_32_BIT_CONVERSION = YES;
				GCC_WARN_ABOUT_RETURN_TYPE = YES_ERROR;
				GCC_WARN_UNDECLARED_SELECTOR = YES;
				GCC_WARN_UNINITIALIZED_AUTOS = YES_AGGRESSIVE;
				GCC_WARN_UNUSED_FUNCTION = YES;
				GCC_WARN_UNUSED_VARIABLE = YES;
				IPHONEOS_DEPLOYMENT_TARGET = 13.0;
				MTL_ENABLE_DEBUG_INFO = INCLUDE_SOURCE;
				MTL_FAST_MATH = YES;
				ONLY_ACTIVE_ARCH = YES;
				SDKROOT = iphoneos;
				SWIFT_ACTIVE_COMPILATION_CONDITIONS = DEBUG;
				SWIFT_OPTIMIZATION_LEVEL = "-Onone";
			};
			name = Debug;
		};
		D6DFB83228357C0D00889E6B /* Release */ = {
			isa = XCBuildConfiguration;
			buildSettings = {
				ALWAYS_SEARCH_USER_PATHS = NO;
				CLANG_ANALYZER_NONNULL = YES;
				CLANG_ANALYZER_NUMBER_OBJECT_CONVERSION = YES_AGGRESSIVE;
				CLANG_CXX_LANGUAGE_STANDARD = "gnu++14";
				CLANG_CXX_LIBRARY = "libc++";
				CLANG_ENABLE_MODULES = YES;
				CLANG_ENABLE_OBJC_ARC = YES;
				CLANG_ENABLE_OBJC_WEAK = YES;
				CLANG_WARN_BLOCK_CAPTURE_AUTORELEASING = YES;
				CLANG_WARN_BOOL_CONVERSION = YES;
				CLANG_WARN_COMMA = YES;
				CLANG_WARN_CONSTANT_CONVERSION = YES;
				CLANG_WARN_DEPRECATED_OBJC_IMPLEMENTATIONS = YES;
				CLANG_WARN_DIRECT_OBJC_ISA_USAGE = YES_ERROR;
				CLANG_WARN_DOCUMENTATION_COMMENTS = YES;
				CLANG_WARN_EMPTY_BODY = YES;
				CLANG_WARN_ENUM_CONVERSION = YES;
				CLANG_WARN_INFINITE_RECURSION = YES;
				CLANG_WARN_INT_CONVERSION = YES;
				CLANG_WARN_NON_LITERAL_NULL_CONVERSION = YES;
				CLANG_WARN_OBJC_IMPLICIT_RETAIN_SELF = YES;
				CLANG_WARN_OBJC_LITERAL_CONVERSION = YES;
				CLANG_WARN_OBJC_ROOT_CLASS = YES_ERROR;
				CLANG_WARN_RANGE_LOOP_ANALYSIS = YES;
				CLANG_WARN_STRICT_PROTOTYPES = YES;
				CLANG_WARN_SUSPICIOUS_MOVE = YES;
				CLANG_WARN_UNGUARDED_AVAILABILITY = YES_AGGRESSIVE;
				CLANG_WARN_UNREACHABLE_CODE = YES;
				CLANG_WARN__DUPLICATE_METHOD_MATCH = YES;
				COPY_PHASE_STRIP = NO;
				DEBUG_INFORMATION_FORMAT = "dwarf-with-dsym";
				ENABLE_NS_ASSERTIONS = NO;
				ENABLE_STRICT_OBJC_MSGSEND = YES;
				GCC_C_LANGUAGE_STANDARD = gnu11;
				GCC_NO_COMMON_BLOCKS = YES;
				GCC_WARN_64_TO_32_BIT_CONVERSION = YES;
				GCC_WARN_ABOUT_RETURN_TYPE = YES_ERROR;
				GCC_WARN_UNDECLARED_SELECTOR = YES;
				GCC_WARN_UNINITIALIZED_AUTOS = YES_AGGRESSIVE;
				GCC_WARN_UNUSED_FUNCTION = YES;
				GCC_WARN_UNUSED_VARIABLE = YES;
				IPHONEOS_DEPLOYMENT_TARGET = 13.0;
				MTL_ENABLE_DEBUG_INFO = NO;
				MTL_FAST_MATH = YES;
				SDKROOT = iphoneos;
				SWIFT_COMPILATION_MODE = wholemodule;
				SWIFT_OPTIMIZATION_LEVEL = "-O";
				VALIDATE_PRODUCT = YES;
			};
			name = Release;
		};
		D6DFB83428357C0D00889E6B /* Debug */ = {
			isa = XCBuildConfiguration;
			buildSettings = {
				ASSETCATALOG_COMPILER_APPICON_NAME = AppIcon;
				CLANG_ENABLE_MODULES = YES;
				CODE_SIGN_STYLE = Automatic;
				DEVELOPMENT_TEAM = R79LXPU844;
				INFOPLIST_FILE = Lesson3NewVersion/Info.plist;
				LD_RUNPATH_SEARCH_PATHS = (
					"$(inherited)",
					"@executable_path/Frameworks",
				);
				PRODUCT_BUNDLE_IDENTIFIER = Balandin.Lesson3NewVersion;
				PRODUCT_NAME = "$(TARGET_NAME)";
				SWIFT_OPTIMIZATION_LEVEL = "-Onone";
				SWIFT_VERSION = 5.0;
				TARGETED_DEVICE_FAMILY = "1,2";
			};
			name = Debug;
		};
		D6DFB83528357C0D00889E6B /* Release */ = {
			isa = XCBuildConfiguration;
			buildSettings = {
				ASSETCATALOG_COMPILER_APPICON_NAME = AppIcon;
				CLANG_ENABLE_MODULES = YES;
				CODE_SIGN_STYLE = Automatic;
				DEVELOPMENT_TEAM = R79LXPU844;
				INFOPLIST_FILE = Lesson3NewVersion/Info.plist;
				LD_RUNPATH_SEARCH_PATHS = (
					"$(inherited)",
					"@executable_path/Frameworks",
				);
				PRODUCT_BUNDLE_IDENTIFIER = Balandin.Lesson3NewVersion;
				PRODUCT_NAME = "$(TARGET_NAME)";
				SWIFT_VERSION = 5.0;
				TARGETED_DEVICE_FAMILY = "1,2";
			};
			name = Release;
		};
/* End XCBuildConfiguration section */

/* Begin XCConfigurationList section */
		D6DFB81A28357C0A00889E6B /* Build configuration list for PBXProject "Lesson3NewVersion" */ = {
			isa = XCConfigurationList;
			buildConfigurations = (
				D6DFB83128357C0D00889E6B /* Debug */,
				D6DFB83228357C0D00889E6B /* Release */,
			);
			defaultConfigurationIsVisible = 0;
			defaultConfigurationName = Release;
		};
		D6DFB83328357C0D00889E6B /* Build configuration list for PBXNativeTarget "Lesson3NewVersion" */ = {
			isa = XCConfigurationList;
			buildConfigurations = (
				D6DFB83428357C0D00889E6B /* Debug */,
				D6DFB83528357C0D00889E6B /* Release */,
			);
			defaultConfigurationIsVisible = 0;
			defaultConfigurationName = Release;
		};
/* End XCConfigurationList section */
	};
	rootObject = D6DFB81728357C0A00889E6B /* Project object */;
}
