// !$*UTF8*$!
{
	archiveVersion = 1;
	classes = {
	};
	objectVersion = 50;
	objects = {

/* Begin PBXBuildFile section */
		D6DE9ED228355D5D00BC51C1 /* AppDelegate.swift in Sources */ = {isa = PBXBuildFile; fileRef = D6DE9ED128355D5D00BC51C1 /* AppDelegate.swift */; };
		D6DE9ED428355D5D00BC51C1 /* SceneDelegate.swift in Sources */ = {isa = PBXBuildFile; fileRef = D6DE9ED328355D5D00BC51C1 /* SceneDelegate.swift */; };
		D6DE9EDB28355D5F00BC51C1 /* Assets.xcassets in Resources */ = {isa = PBXBuildFile; fileRef = D6DE9EDA28355D5F00BC51C1 /* Assets.xcassets */; };
		D6DE9EDE28355D5F00BC51C1 /* LaunchScreen.storyboard in Resources */ = {isa = PBXBuildFile; fileRef = D6DE9EDC28355D5F00BC51C1 /* LaunchScreen.storyboard */; };
		D6DE9EE628355E1100BC51C1 /* ListViewController.swift in Sources */ = {isa = PBXBuildFile; fileRef = D6DE9EE528355E1100BC51C1 /* ListViewController.swift */; };
		D6DE9EE828355E2D00BC51C1 /* Model.swift in Sources */ = {isa = PBXBuildFile; fileRef = D6DE9EE728355E2D00BC51C1 /* Model.swift */; };
		D6DE9EEA28355E5000BC51C1 /* Layout.swift in Sources */ = {isa = PBXBuildFile; fileRef = D6DE9EE928355E5000BC51C1 /* Layout.swift */; };
		D6DE9EEC28355E6E00BC51C1 /* LayoutForList.swift in Sources */ = {isa = PBXBuildFile; fileRef = D6DE9EEB28355E6E00BC51C1 /* LayoutForList.swift */; };
		D6DE9EEE28355E9200BC51C1 /* NoteViewController.swift in Sources */ = {isa = PBXBuildFile; fileRef = D6DE9EED28355E9200BC51C1 /* NoteViewController.swift */; };
/* End PBXBuildFile section */

/* Begin PBXFileReference section */
		D6DE9ECE28355D5D00BC51C1 /* Lesson3-NewVer.app */ = {isa = PBXFileReference; explicitFileType = wrapper.application; includeInIndex = 0; path = "Lesson3-NewVer.app"; sourceTree = BUILT_PRODUCTS_DIR; };
		D6DE9ED128355D5D00BC51C1 /* AppDelegate.swift */ = {isa = PBXFileReference; lastKnownFileType = sourcecode.swift; path = AppDelegate.swift; sourceTree = "<group>"; };
		D6DE9ED328355D5D00BC51C1 /* SceneDelegate.swift */ = {isa = PBXFileReference; lastKnownFileType = sourcecode.swift; path = SceneDelegate.swift; sourceTree = "<group>"; };
		D6DE9EDA28355D5F00BC51C1 /* Assets.xcassets */ = {isa = PBXFileReference; lastKnownFileType = folder.assetcatalog; path = Assets.xcassets; sourceTree = "<group>"; };
		D6DE9EDD28355D5F00BC51C1 /* Base */ = {isa = PBXFileReference; lastKnownFileType = file.storyboard; name = Base; path = Base.lproj/LaunchScreen.storyboard; sourceTree = "<group>"; };
		D6DE9EDF28355D5F00BC51C1 /* Info.plist */ = {isa = PBXFileReference; lastKnownFileType = text.plist.xml; path = Info.plist; sourceTree = "<group>"; };
		D6DE9EE528355E1100BC51C1 /* ListViewController.swift */ = {isa = PBXFileReference; lastKnownFileType = sourcecode.swift; path = ListViewController.swift; sourceTree = "<group>"; };
		D6DE9EE728355E2D00BC51C1 /* Model.swift */ = {isa = PBXFileReference; lastKnownFileType = sourcecode.swift; path = Model.swift; sourceTree = "<group>"; };
		D6DE9EE928355E5000BC51C1 /* Layout.swift */ = {isa = PBXFileReference; lastKnownFileType = sourcecode.swift; path = Layout.swift; sourceTree = "<group>"; };
		D6DE9EEB28355E6E00BC51C1 /* LayoutForList.swift */ = {isa = PBXFileReference; lastKnownFileType = sourcecode.swift; path = LayoutForList.swift; sourceTree = "<group>"; };
		D6DE9EED28355E9200BC51C1 /* NoteViewController.swift */ = {isa = PBXFileReference; lastKnownFileType = sourcecode.swift; path = NoteViewController.swift; sourceTree = "<group>"; };
/* End PBXFileReference section */

/* Begin PBXFrameworksBuildPhase section */
		D6DE9ECB28355D5D00BC51C1 /* Frameworks */ = {
			isa = PBXFrameworksBuildPhase;
			buildActionMask = 2147483647;
			files = (
			);
			runOnlyForDeploymentPostprocessing = 0;
		};
/* End PBXFrameworksBuildPhase section */

/* Begin PBXGroup section */
		D6DE9EC528355D5D00BC51C1 = {
			isa = PBXGroup;
			children = (
				D6DE9ED028355D5D00BC51C1 /* Lesson3-NewVer */,
				D6DE9ECF28355D5D00BC51C1 /* Products */,
			);
			sourceTree = "<group>";
		};
		D6DE9ECF28355D5D00BC51C1 /* Products */ = {
			isa = PBXGroup;
			children = (
				D6DE9ECE28355D5D00BC51C1 /* Lesson3-NewVer.app */,
			);
			name = Products;
			sourceTree = "<group>";
		};
		D6DE9ED028355D5D00BC51C1 /* Lesson3-NewVer */ = {
			isa = PBXGroup;
			children = (
				D6DE9ED128355D5D00BC51C1 /* AppDelegate.swift */,
				D6DE9ED328355D5D00BC51C1 /* SceneDelegate.swift */,
				D6DE9EE528355E1100BC51C1 /* ListViewController.swift */,
				D6DE9EE728355E2D00BC51C1 /* Model.swift */,
				D6DE9EE928355E5000BC51C1 /* Layout.swift */,
				D6DE9EEB28355E6E00BC51C1 /* LayoutForList.swift */,
				D6DE9EED28355E9200BC51C1 /* NoteViewController.swift */,
				D6DE9EDA28355D5F00BC51C1 /* Assets.xcassets */,
				D6DE9EDC28355D5F00BC51C1 /* LaunchScreen.storyboard */,
				D6DE9EDF28355D5F00BC51C1 /* Info.plist */,
			);
			path = "Lesson3-NewVer";
			sourceTree = "<group>";
		};
/* End PBXGroup section */

/* Begin PBXNativeTarget section */
		D6DE9ECD28355D5D00BC51C1 /* Lesson3-NewVer */ = {
			isa = PBXNativeTarget;
			buildConfigurationList = D6DE9EE228355D5F00BC51C1 /* Build configuration list for PBXNativeTarget "Lesson3-NewVer" */;
			buildPhases = (
				D6DE9EEF28355FCE00BC51C1 /* ShellScript */,
				D6DE9ECA28355D5D00BC51C1 /* Sources */,
				D6DE9ECB28355D5D00BC51C1 /* Frameworks */,
				D6DE9ECC28355D5D00BC51C1 /* Resources */,
			);
			buildRules = (
			);
			dependencies = (
			);
			name = "Lesson3-NewVer";
			productName = "Lesson3-NewVer";
			productReference = D6DE9ECE28355D5D00BC51C1 /* Lesson3-NewVer.app */;
			productType = "com.apple.product-type.application";
		};
/* End PBXNativeTarget section */

/* Begin PBXProject section */
		D6DE9EC628355D5D00BC51C1 /* Project object */ = {
			isa = PBXProject;
			attributes = {
				LastSwiftUpdateCheck = 1100;
				LastUpgradeCheck = 1100;
				ORGANIZATIONNAME = Jorel;
				TargetAttributes = {
					D6DE9ECD28355D5D00BC51C1 = {
						CreatedOnToolsVersion = 11.0;
					};
				};
			};
			buildConfigurationList = D6DE9EC928355D5D00BC51C1 /* Build configuration list for PBXProject "Lesson3-NewVer" */;
			compatibilityVersion = "Xcode 9.3";
			developmentRegion = en;
			hasScannedForEncodings = 0;
			knownRegions = (
				en,
				Base,
			);
			mainGroup = D6DE9EC528355D5D00BC51C1;
			productRefGroup = D6DE9ECF28355D5D00BC51C1 /* Products */;
			projectDirPath = "";
			projectRoot = "";
			targets = (
				D6DE9ECD28355D5D00BC51C1 /* Lesson3-NewVer */,
			);
		};
/* End PBXProject section */

/* Begin PBXResourcesBuildPhase section */
		D6DE9ECC28355D5D00BC51C1 /* Resources */ = {
			isa = PBXResourcesBuildPhase;
			buildActionMask = 2147483647;
			files = (
				D6DE9EDE28355D5F00BC51C1 /* LaunchScreen.storyboard in Resources */,
				D6DE9EDB28355D5F00BC51C1 /* Assets.xcassets in Resources */,
			);
			runOnlyForDeploymentPostprocessing = 0;
		};
/* End PBXResourcesBuildPhase section */

/* Begin PBXShellScriptBuildPhase section */
		D6DE9EEF28355FCE00BC51C1 /* ShellScript */ = {
			isa = PBXShellScriptBuildPhase;
			buildActionMask = 2147483647;
			files = (
			);
			inputFileListPaths = (
			);
			inputPaths = (
			);
			outputFileListPaths = (
			);
			outputPaths = (
			);
			runOnlyForDeploymentPostprocessing = 0;
			shellPath = /bin/sh;
			shellScript = "export PATH=\"$PATH:\"\nexport PATH+=~/\nexport PATH+=\"portable_swiftlint\"\n\nif which swiftlint > /dev/null; then\n  swiftlint\nelse\n  echo \"warning: SwiftLint not installed, download from https://github.com/realm/SwiftLint\"\nfi\n";
		};
/* End PBXShellScriptBuildPhase section */

/* Begin PBXSourcesBuildPhase section */
		D6DE9ECA28355D5D00BC51C1 /* Sources */ = {
			isa = PBXSourcesBuildPhase;
			buildActionMask = 2147483647;
			files = (
				D6DE9EEE28355E9200BC51C1 /* NoteViewController.swift in Sources */,
				D6DE9EE828355E2D00BC51C1 /* Model.swift in Sources */,
				D6DE9ED228355D5D00BC51C1 /* AppDelegate.swift in Sources */,
				D6DE9EE628355E1100BC51C1 /* ListViewController.swift in Sources */,
				D6DE9ED428355D5D00BC51C1 /* SceneDelegate.swift in Sources */,
				D6DE9EEC28355E6E00BC51C1 /* LayoutForList.swift in Sources */,
				D6DE9EEA28355E5000BC51C1 /* Layout.swift in Sources */,
			);
			runOnlyForDeploymentPostprocessing = 0;
		};
/* End PBXSourcesBuildPhase section */

/* Begin PBXVariantGroup section */
		D6DE9EDC28355D5F00BC51C1 /* LaunchScreen.storyboard */ = {
			isa = PBXVariantGroup;
			children = (
				D6DE9EDD28355D5F00BC51C1 /* Base */,
			);
			name = LaunchScreen.storyboard;
			sourceTree = "<group>";
		};
/* End PBXVariantGroup section */

/* Begin XCBuildConfiguration section */
		D6DE9EE028355D5F00BC51C1 /* Debug */ = {
			isa = XCBuildConfiguration;
			buildSettings = {
				ALWAYS_SEARCH_USER_PATHS = NO;
				CLANG_ANALYZER_NONNULL = YES;
				CLANG_ANALYZER_NUMBER_OBJECT_CONVERSION = YES_AGGRESSIVE;
				CLANG_CXX_LANGUAGE_STANDARD = "gnu++14";
				CLANG_CXX_LIBRARY = "libc++";
				CLANG_ENABLE_MODULES = YES;
				CLANG_ENABLE_OBJC_ARC = YES;
				CLANG_ENABLE_OBJC_WEAK = YES;
				CLANG_WARN_BLOCK_CAPTURE_AUTORELEASING = YES;
				CLANG_WARN_BOOL_CONVERSION = YES;
				CLANG_WARN_COMMA = YES;
				CLANG_WARN_CONSTANT_CONVERSION = YES;
				CLANG_WARN_DEPRECATED_OBJC_IMPLEMENTATIONS = YES;
				CLANG_WARN_DIRECT_OBJC_ISA_USAGE = YES_ERROR;
				CLANG_WARN_DOCUMENTATION_COMMENTS = YES;
				CLANG_WARN_EMPTY_BODY = YES;
				CLANG_WARN_ENUM_CONVERSION = YES;
				CLANG_WARN_INFINITE_RECURSION = YES;
				CLANG_WARN_INT_CONVERSION = YES;
				CLANG_WARN_NON_LITERAL_NULL_CONVERSION = YES;
				CLANG_WARN_OBJC_IMPLICIT_RETAIN_SELF = YES;
				CLANG_WARN_OBJC_LITERAL_CONVERSION = YES;
				CLANG_WARN_OBJC_ROOT_CLASS = YES_ERROR;
				CLANG_WARN_RANGE_LOOP_ANALYSIS = YES;
				CLANG_WARN_STRICT_PROTOTYPES = YES;
				CLANG_WARN_SUSPICIOUS_MOVE = YES;
				CLANG_WARN_UNGUARDED_AVAILABILITY = YES_AGGRESSIVE;
				CLANG_WARN_UNREACHABLE_CODE = YES;
				CLANG_WARN__DUPLICATE_METHOD_MATCH = YES;
				COPY_PHASE_STRIP = NO;
				DEBUG_INFORMATION_FORMAT = dwarf;
				ENABLE_STRICT_OBJC_MSGSEND = YES;
				ENABLE_TESTABILITY = YES;
				GCC_C_LANGUAGE_STANDARD = gnu11;
				GCC_DYNAMIC_NO_PIC = NO;
				GCC_NO_COMMON_BLOCKS = YES;
				GCC_OPTIMIZATION_LEVEL = 0;
				GCC_PREPROCESSOR_DEFINITIONS = (
					"DEBUG=1",
					"$(inherited)",
				);
				GCC_WARN_64_TO_32_BIT_CONVERSION = YES;
				GCC_WARN_ABOUT_RETURN_TYPE = YES_ERROR;
				GCC_WARN_UNDECLARED_SELECTOR = YES;
				GCC_WARN_UNINITIALIZED_AUTOS = YES_AGGRESSIVE;
				GCC_WARN_UNUSED_FUNCTION = YES;
				GCC_WARN_UNUSED_VARIABLE = YES;
				IPHONEOS_DEPLOYMENT_TARGET = 13.0;
				MTL_ENABLE_DEBUG_INFO = INCLUDE_SOURCE;
				MTL_FAST_MATH = YES;
				ONLY_ACTIVE_ARCH = YES;
				SDKROOT = iphoneos;
				SWIFT_ACTIVE_COMPILATION_CONDITIONS = DEBUG;
				SWIFT_OPTIMIZATION_LEVEL = "-Onone";
			};
			name = Debug;
		};
		D6DE9EE128355D5F00BC51C1 /* Release */ = {
			isa = XCBuildConfiguration;
			buildSettings = {
				ALWAYS_SEARCH_USER_PATHS = NO;
				CLANG_ANALYZER_NONNULL = YES;
				CLANG_ANALYZER_NUMBER_OBJECT_CONVERSION = YES_AGGRESSIVE;
				CLANG_CXX_LANGUAGE_STANDARD = "gnu++14";
				CLANG_CXX_LIBRARY = "libc++";
				CLANG_ENABLE_MODULES = YES;
				CLANG_ENABLE_OBJC_ARC = YES;
				CLANG_ENABLE_OBJC_WEAK = YES;
				CLANG_WARN_BLOCK_CAPTURE_AUTORELEASING = YES;
				CLANG_WARN_BOOL_CONVERSION = YES;
				CLANG_WARN_COMMA = YES;
				CLANG_WARN_CONSTANT_CONVERSION = YES;
				CLANG_WARN_DEPRECATED_OBJC_IMPLEMENTATIONS = YES;
				CLANG_WARN_DIRECT_OBJC_ISA_USAGE = YES_ERROR;
				CLANG_WARN_DOCUMENTATION_COMMENTS = YES;
				CLANG_WARN_EMPTY_BODY = YES;
				CLANG_WARN_ENUM_CONVERSION = YES;
				CLANG_WARN_INFINITE_RECURSION = YES;
				CLANG_WARN_INT_CONVERSION = YES;
				CLANG_WARN_NON_LITERAL_NULL_CONVERSION = YES;
				CLANG_WARN_OBJC_IMPLICIT_RETAIN_SELF = YES;
				CLANG_WARN_OBJC_LITERAL_CONVERSION = YES;
				CLANG_WARN_OBJC_ROOT_CLASS = YES_ERROR;
				CLANG_WARN_RANGE_LOOP_ANALYSIS = YES;
				CLANG_WARN_STRICT_PROTOTYPES = YES;
				CLANG_WARN_SUSPICIOUS_MOVE = YES;
				CLANG_WARN_UNGUARDED_AVAILABILITY = YES_AGGRESSIVE;
				CLANG_WARN_UNREACHABLE_CODE = YES;
				CLANG_WARN__DUPLICATE_METHOD_MATCH = YES;
				COPY_PHASE_STRIP = NO;
				DEBUG_INFORMATION_FORMAT = "dwarf-with-dsym";
				ENABLE_NS_ASSERTIONS = NO;
				ENABLE_STRICT_OBJC_MSGSEND = YES;
				GCC_C_LANGUAGE_STANDARD = gnu11;
				GCC_NO_COMMON_BLOCKS = YES;
				GCC_WARN_64_TO_32_BIT_CONVERSION = YES;
				GCC_WARN_ABOUT_RETURN_TYPE = YES_ERROR;
				GCC_WARN_UNDECLARED_SELECTOR = YES;
				GCC_WARN_UNINITIALIZED_AUTOS = YES_AGGRESSIVE;
				GCC_WARN_UNUSED_FUNCTION = YES;
				GCC_WARN_UNUSED_VARIABLE = YES;
				IPHONEOS_DEPLOYMENT_TARGET = 13.0;
				MTL_ENABLE_DEBUG_INFO = NO;
				MTL_FAST_MATH = YES;
				SDKROOT = iphoneos;
				SWIFT_COMPILATION_MODE = wholemodule;
				SWIFT_OPTIMIZATION_LEVEL = "-O";
				VALIDATE_PRODUCT = YES;
			};
			name = Release;
		};
		D6DE9EE328355D5F00BC51C1 /* Debug */ = {
			isa = XCBuildConfiguration;
			buildSettings = {
				ASSETCATALOG_COMPILER_APPICON_NAME = AppIcon;
				CODE_SIGN_STYLE = Automatic;
				DEVELOPMENT_TEAM = R79LXPU844;
				INFOPLIST_FILE = "Lesson3-NewVer/Info.plist";
				LD_RUNPATH_SEARCH_PATHS = (
					"$(inherited)",
					"@executable_path/Frameworks",
				);
				PRODUCT_BUNDLE_IDENTIFIER = "Balandin.Lesson3-NewVer";
				PRODUCT_NAME = "$(TARGET_NAME)";
				SWIFT_VERSION = 5.0;
				TARGETED_DEVICE_FAMILY = "1,2";
			};
			name = Debug;
		};
		D6DE9EE428355D5F00BC51C1 /* Release */ = {
			isa = XCBuildConfiguration;
			buildSettings = {
				ASSETCATALOG_COMPILER_APPICON_NAME = AppIcon;
				CODE_SIGN_STYLE = Automatic;
				DEVELOPMENT_TEAM = R79LXPU844;
				INFOPLIST_FILE = "Lesson3-NewVer/Info.plist";
				LD_RUNPATH_SEARCH_PATHS = (
					"$(inherited)",
					"@executable_path/Frameworks",
				);
				PRODUCT_BUNDLE_IDENTIFIER = "Balandin.Lesson3-NewVer";
				PRODUCT_NAME = "$(TARGET_NAME)";
				SWIFT_VERSION = 5.0;
				TARGETED_DEVICE_FAMILY = "1,2";
			};
			name = Release;
		};
/* End XCBuildConfiguration section */

/* Begin XCConfigurationList section */
		D6DE9EC928355D5D00BC51C1 /* Build configuration list for PBXProject "Lesson3-NewVer" */ = {
			isa = XCConfigurationList;
			buildConfigurations = (
				D6DE9EE028355D5F00BC51C1 /* Debug */,
				D6DE9EE128355D5F00BC51C1 /* Release */,
			);
			defaultConfigurationIsVisible = 0;
			defaultConfigurationName = Release;
		};
		D6DE9EE228355D5F00BC51C1 /* Build configuration list for PBXNativeTarget "Lesson3-NewVer" */ = {
			isa = XCConfigurationList;
			buildConfigurations = (
				D6DE9EE328355D5F00BC51C1 /* Debug */,
				D6DE9EE428355D5F00BC51C1 /* Release */,
			);
			defaultConfigurationIsVisible = 0;
			defaultConfigurationName = Release;
		};
/* End XCConfigurationList section */
	};
	rootObject = D6DE9EC628355D5D00BC51C1 /* Project object */;
}
